
Microsoft Visual Studio Solution File, Format Version 12.00
# Visual Studio Version 16
VisualStudioVersion = 16.0.29519.181
MinimumVisualStudioVersion = 10.0.40219.1
Project("{FAE04EC0-301F-11D3-BF4B-00C04F79EFBC}") = "ArhiCRMv2", "ArhiCRMv2\ArhiCRMv2.csproj", "{03D8CE7A-9F93-4319-A738-2ADD9FE01142}"
EndProject
Global
	GlobalSection(SolutionConfigurationPlatforms) = preSolution
		Debug|Any CPU = Debug|Any CPU
		Release|Any CPU = Release|Any CPU
	EndGlobalSection
	GlobalSection(ProjectConfigurationPlatforms) = postSolution
		{03D8CE7A-9F93-4319-A738-2ADD9FE01142}.Debug|Any CPU.ActiveCfg = Debug|Any CPU
		{03D8CE7A-9F93-4319-A738-2ADD9FE01142}.Debug|Any CPU.Build.0 = Debug|Any CPU
		{03D8CE7A-9F93-4319-A738-2ADD9FE01142}.Release|Any CPU.ActiveCfg = Release|Any CPU
		{03D8CE7A-9F93-4319-A738-2ADD9FE01142}.Release|Any CPU.Build.0 = Release|Any CPU
	EndGlobalSection
	GlobalSection(SolutionProperties) = preSolution
		HideSolutionNode = FALSE
	EndGlobalSection
	GlobalSection(ExtensibilityGlobals) = postSolution
		SolutionGuid = {F441382F-56E7-4BC7-8541-799F04B423C7}
	EndGlobalSection
EndGlobal
